<?xml version="1.0" encoding="utf-8"?>
<Project ToolsVersion="4.0" xmlns="http://schemas.microsoft.com/developer/msbuild/2003">
  <ItemGroup>
    <Filter Include="Main">
      <UniqueIdentifier>{985c04e8-525f-4cf6-981b-ee2f2e2404f0}</UniqueIdentifier>
    </Filter>
    <Filter Include="DB">
      <UniqueIdentifier>{f4680d7b-65d9-4e26-8753-a9843445a13f}</UniqueIdentifier>
    </Filter>
    <Filter Include="Network">
      <UniqueIdentifier>{d7e25aff-12f8-4482-8702-41dd124014f7}</UniqueIdentifier>
    </Filter>
    <Filter Include="Utils">
      <UniqueIdentifier>{8aebd8c3-7ca1-47a3-9027-7c12af66a38f}</UniqueIdentifier>
    </Filter>
    <Filter Include="Thread">
      <UniqueIdentifier>{57b2181c-979c-4f0c-b6d3-dd07ad958967}</UniqueIdentifier>
    </Filter>
    <Filter Include="Memory">
      <UniqueIdentifier>{903ff66f-9967-4916-926a-e2d1dd250496}</UniqueIdentifier>
    </Filter>
    <Filter Include="Task">
      <UniqueIdentifier>{6cfa09ed-66fc-4941-b713-9a378c7ce603}</UniqueIdentifier>
    </Filter>
  </ItemGroup>
  <ItemGroup>
    <ClInclude Include="ServerLibrary.h">
      <Filter>Main</Filter>
    </ClInclude>
    <ClInclude Include="pch.h">
      <Filter>Main</Filter>
    </ClInclude>
    <ClInclude Include="DBConnection.h">
      <Filter>DB</Filter>
    </ClInclude>
    <ClInclude Include="Iocp.h">
      <Filter>Network</Filter>
    </ClInclude>
    <ClInclude Include="SessionBase.h">
      <Filter>Network</Filter>
    </ClInclude>
    <ClInclude Include="Service.h">
      <Filter>Network</Filter>
    </ClInclude>
    <ClInclude Include="Listener.h">
      <Filter>Network</Filter>
    </ClInclude>
    <ClInclude Include="ThreadLocal.h">
      <Filter>Thread</Filter>
    </ClInclude>
    <ClInclude Include="SendBuffer.h">
      <Filter>Network</Filter>
    </ClInclude>
    <ClInclude Include="ObjectPool.h">
      <Filter>Memory</Filter>
    </ClInclude>
    <ClInclude Include="RecvBuffer.h">
      <Filter>Network</Filter>
    </ClInclude>
    <ClInclude Include="Global.h">
      <Filter>Main</Filter>
    </ClInclude>
    <ClInclude Include="Macro.h">
      <Filter>Main</Filter>
    </ClInclude>
    <ClInclude Include="Lock.h">
      <Filter>Thread</Filter>
    </ClInclude>
    <ClInclude Include="SocketUtils.h">
      <Filter>Network</Filter>
    </ClInclude>
    <ClInclude Include="NetAddress.h">
      <Filter>Network</Filter>
    </ClInclude>
    <ClInclude Include="LogHelper.h">
      <Filter>Utils</Filter>
    </ClInclude>
    <ClInclude Include="DeadLockProfiler.h">
      <Filter>Thread</Filter>
    </ClInclude>
    <ClInclude Include="TickTask.h">
      <Filter>Task</Filter>
    </ClInclude>
    <ClInclude Include="ThreadManager.h">
      <Filter>Thread</Filter>
    </ClInclude>
    <ClInclude Include="LockQueue.h">
      <Filter>Utils</Filter>
    </ClInclude>
    <ClInclude Include="CommandTask.h">
      <Filter>Task</Filter>
    </ClInclude>
    <ClInclude Include="TimerTask.h">
      <Filter>Task</Filter>
    </ClInclude>
    <ClInclude Include="StringConvertor.h">
      <Filter>Utils</Filter>
    </ClInclude>
    <ClInclude Include="Types.h">
      <Filter>Utils</Filter>
    </ClInclude>
  </ItemGroup>
  <ItemGroup>
    <ClCompile Include="pch.cpp">
      <Filter>Main</Filter>
    </ClCompile>
    <ClCompile Include="ServerLibrary.cpp">
      <Filter>Main</Filter>
    </ClCompile>
    <ClCompile Include="DBConnection.cpp">
      <Filter>DB</Filter>
    </ClCompile>
    <ClCompile Include="Iocp.cpp">
      <Filter>Network</Filter>
    </ClCompile>
    <ClCompile Include="SessionBase.cpp">
      <Filter>Network</Filter>
    </ClCompile>
    <ClCompile Include="Service.cpp">
      <Filter>Network</Filter>
    </ClCompile>
    <ClCompile Include="Listener.cpp">
      <Filter>Network</Filter>
    </ClCompile>
    <ClCompile Include="ThreadLocal.cpp">
      <Filter>Thread</Filter>
    </ClCompile>
    <ClCompile Include="SendBuffer.cpp">
      <Filter>Network</Filter>
    </ClCompile>
    <ClCompile Include="RecvBuffer.cpp">
      <Filter>Network</Filter>
    </ClCompile>
    <ClCompile Include="Global.cpp">
      <Filter>Main</Filter>
    </ClCompile>
    <ClCompile Include="Lock.cpp">
      <Filter>Thread</Filter>
    </ClCompile>
    <ClCompile Include="SocketUtils.cpp">
      <Filter>Network</Filter>
    </ClCompile>
    <ClCompile Include="NetAddress.cpp">
      <Filter>Network</Filter>
    </ClCompile>
    <ClCompile Include="LogHelper.cpp">
      <Filter>Utils</Filter>
    </ClCompile>
    <ClCompile Include="TickTask.cpp">
      <Filter>Task</Filter>
    </ClCompile>
    <ClCompile Include="ThreadManager.cpp">
      <Filter>Thread</Filter>
    </ClCompile>
    <ClCompile Include="LockQueue.cpp">
      <Filter>Utils</Filter>
    </ClCompile>
    <ClCompile Include="CommandTask.cpp">
      <Filter>Task</Filter>
    </ClCompile>
    <ClCompile Include="TimerTask.cpp">
      <Filter>Task</Filter>
    </ClCompile>
    <ClCompile Include="StringConvertor.cpp">
      <Filter>Utils</Filter>
    </ClCompile>
    <ClCompile Include="Types.cpp">
      <Filter>Utils</Filter>
    </ClCompile>
    <ClCompile Include="DeadLockProfiler.cpp">
      <Filter>Thread</Filter>
    </ClCompile>
  </ItemGroup>
</Project>