<?xml version="1.0" encoding="utf-8"?>
<Project ToolsVersion="4.0" xmlns="http://schemas.microsoft.com/developer/msbuild/2003">
  <ItemGroup>
    <Filter Include="DB">
      <UniqueIdentifier>{2912e998-5fd1-4e33-9529-ad21afe3ac07}</UniqueIdentifier>
    </Filter>
    <Filter Include="Main">
      <UniqueIdentifier>{6629e991-4278-46af-ae7e-4001bb0f82f0}</UniqueIdentifier>
    </Filter>
    <Filter Include="Network">
      <UniqueIdentifier>{8047a6c8-db0d-4bc1-b287-ac51db22d164}</UniqueIdentifier>
    </Filter>
    <Filter Include="Contents">
      <UniqueIdentifier>{debfa3c4-bb50-4268-bb21-ac5cc194af88}</UniqueIdentifier>
    </Filter>
    <Filter Include="Network\Protocol">
      <UniqueIdentifier>{8526b4cb-781f-4740-820c-d27741e70eda}</UniqueIdentifier>
    </Filter>
    <Filter Include="Contents\Data">
      <UniqueIdentifier>{261b67da-15e0-4489-8de4-ae93945d6ede}</UniqueIdentifier>
    </Filter>
    <Filter Include="Network\Protobuf">
      <UniqueIdentifier>{41b2db2f-e824-46f8-822e-d176fdbedb11}</UniqueIdentifier>
    </Filter>
  </ItemGroup>
  <ItemGroup>
    <ClCompile Include="Main.cpp">
      <Filter>Main</Filter>
    </ClCompile>
    <ClCompile Include="pch.cpp">
      <Filter>Main</Filter>
    </ClCompile>
    <ClCompile Include="GameService.cpp">
      <Filter>Network</Filter>
    </ClCompile>
    <ClCompile Include="GameSession.cpp">
      <Filter>Network</Filter>
    </ClCompile>
    <ClCompile Include="GamePacketHandler.cpp">
      <Filter>Network</Filter>
    </ClCompile>
    <ClCompile Include="Room.cpp">
      <Filter>Contents</Filter>
    </ClCompile>
    <ClCompile Include="Message.pb.cc">
      <Filter>Network\Protocol</Filter>
    </ClCompile>
    <ClCompile Include="Struct.pb.cc">
      <Filter>Network\Protocol</Filter>
    </ClCompile>
    <ClCompile Include="Enum.pb.cc">
      <Filter>Network\Protocol</Filter>
    </ClCompile>
    <ClCompile Include="Player.cpp">
      <Filter>Contents</Filter>
    </ClCompile>
    <ClCompile Include="Item.cpp">
      <Filter>Contents</Filter>
    </ClCompile>
    <ClCompile Include="Inventory.cpp">
      <Filter>Contents</Filter>
    </ClCompile>
    <ClCompile Include="Match.cpp">
      <Filter>Contents</Filter>
    </ClCompile>
    <ClCompile Include="Lobby.cpp">
      <Filter>Contents</Filter>
    </ClCompile>
  </ItemGroup>
  <ItemGroup>
    <ClInclude Include="pch.h">
      <Filter>Main</Filter>
    </ClInclude>
    <ClInclude Include="GameService.h">
      <Filter>Network</Filter>
    </ClInclude>
    <ClInclude Include="GameSession.h">
      <Filter>Network</Filter>
    </ClInclude>
    <ClInclude Include="GamePacketHandler.h">
      <Filter>Network</Filter>
    </ClInclude>
    <ClInclude Include="Room.h">
      <Filter>Contents</Filter>
    </ClInclude>
    <ClInclude Include="Message.pb.h">
      <Filter>Network\Protocol</Filter>
    </ClInclude>
    <ClInclude Include="Struct.pb.h">
      <Filter>Network\Protocol</Filter>
    </ClInclude>
    <ClInclude Include="Enum.pb.h">
      <Filter>Network\Protocol</Filter>
    </ClInclude>
    <ClInclude Include="Player.h">
      <Filter>Contents</Filter>
    </ClInclude>
    <ClInclude Include="Item.h">
      <Filter>Contents</Filter>
    </ClInclude>
    <ClInclude Include="Inventory.h">
      <Filter>Contents</Filter>
    </ClInclude>
    <ClInclude Include="Match.h">
      <Filter>Contents</Filter>
    </ClInclude>
    <ClInclude Include="Lobby.h">
      <Filter>Contents</Filter>
    </ClInclude>
  </ItemGroup>
  <ItemGroup>
    <None Include="..\Common\Protobuf\GenCode.bat">
      <Filter>Network\Protobuf</Filter>
    </None>
    <None Include="..\Common\Protobuf\Message.proto">
      <Filter>Network\Protobuf</Filter>
    </None>
    <None Include="..\Common\Protobuf\Struct.proto">
      <Filter>Network\Protobuf</Filter>
    </None>
    <None Include="..\Common\Protobuf\Enum.proto">
      <Filter>Network\Protobuf</Filter>
    </None>
    <None Include="Data\ItemData.json">
      <Filter>Contents\Data</Filter>
    </None>
  </ItemGroup>
</Project>